<?xml version="1.0" encoding="utf-8"?>
<Project ToolsVersion="4.0" xmlns="http://schemas.microsoft.com/developer/msbuild/2003">
  <ItemGroup>
    <Filter Include="Remc">
      <UniqueIdentifier>{ACC28B7C-98F9-8C0D-41E6-72102DFC080F}</UniqueIdentifier>
    </Filter>
    <Filter Include="Remc\Events">
      <UniqueIdentifier>{10352EFD-7CEA-A6F2-05DF-A0C971939DF6}</UniqueIdentifier>
    </Filter>
  </ItemGroup>
  <ItemGroup>
    <ClInclude Include="src\Remc.h" />
    <ClInclude Include="src\Remc\Application.h">
      <Filter>Remc</Filter>
    </ClInclude>
    <ClInclude Include="src\Remc\Core.h">
      <Filter>Remc</Filter>
    </ClInclude>
    <ClInclude Include="src\Remc\EntryPoint.h">
      <Filter>Remc</Filter>
    </ClInclude>
    <ClInclude Include="src\Remc\Events\ApplicationEvent.h">
      <Filter>Remc\Events</Filter>
    </ClInclude>
    <ClInclude Include="src\Remc\Events\Event.h">
      <Filter>Remc\Events</Filter>
    </ClInclude>
    <ClInclude Include="src\Remc\Events\KeyEvent.h">
      <Filter>Remc\Events</Filter>
    </ClInclude>
    <ClInclude Include="src\Remc\Events\MouseEvent.h">
      <Filter>Remc\Events</Filter>
    </ClInclude>
    <ClInclude Include="src\Remc\Log.h">
      <Filter>Remc</Filter>
    </ClInclude>
    <ClInclude Include="src\rcpch.h" />
    <ClInclude Include="src\Remc\Window.h" />
  </ItemGroup>
  <ItemGroup>
    <ClCompile Include="src\Remc\Application.cpp">
      <Filter>Remc</Filter>
    </ClCompile>
    <ClCompile Include="src\Remc\Log.cpp">
      <Filter>Remc</Filter>
    </ClCompile>
    <ClCompile Include="src\rcpch.cpp" />
  </ItemGroup>
</Project>